
Microsoft Visual Studio Solution File, Format Version 12.00
# Visual Studio 2013
VisualStudioVersion = 12.0.30723.0
MinimumVisualStudioVersion = 10.0.40219.1
Project("{FAE04EC0-301F-11D3-BF4B-00C04F79EFBC}") = "marketing", "marketing\marketing.csproj", "{5181E610-7C91-4F1C-A3B0-430D0578E1E2}"
EndProject
Project("{54435603-DBB4-11D2-8724-00A0C9A8B90C}") = "Setup", "Setup\Setup.vdproj", "{0B308FD1-5C52-4D5D-8861-82D456CFE84C}"
EndProject
Global
	GlobalSection(SolutionConfigurationPlatforms) = preSolution
		Debug|Any CPU = Debug|Any CPU
		Debug|x64 = Debug|x64
		Debug|x86 = Debug|x86
		Release|Any CPU = Release|Any CPU
		Release|x64 = Release|x64
		Release|x86 = Release|x86
	EndGlobalSection
	GlobalSection(ProjectConfigurationPlatforms) = postSolution
		{5181E610-7C91-4F1C-A3B0-430D0578E1E2}.Debug|Any CPU.ActiveCfg = Debug|Any CPU
		{5181E610-7C91-4F1C-A3B0-430D0578E1E2}.Debug|Any CPU.Build.0 = Debug|Any CPU
		{5181E610-7C91-4F1C-A3B0-430D0578E1E2}.Debug|x64.ActiveCfg = Debug|x64
		{5181E610-7C91-4F1C-A3B0-430D0578E1E2}.Debug|x64.Build.0 = Debug|x64
		{5181E610-7C91-4F1C-A3B0-430D0578E1E2}.Debug|x86.ActiveCfg = Debug|x86
		{5181E610-7C91-4F1C-A3B0-430D0578E1E2}.Debug|x86.Build.0 = Debug|x86
		{5181E610-7C91-4F1C-A3B0-430D0578E1E2}.Release|Any CPU.ActiveCfg = Release|Any CPU
		{5181E610-7C91-4F1C-A3B0-430D0578E1E2}.Release|Any CPU.Build.0 = Release|Any CPU
		{5181E610-7C91-4F1C-A3B0-430D0578E1E2}.Release|x64.ActiveCfg = Debug|x64
		{5181E610-7C91-4F1C-A3B0-430D0578E1E2}.Release|x64.Build.0 = Debug|x64
		{5181E610-7C91-4F1C-A3B0-430D0578E1E2}.Release|x86.ActiveCfg = Release|x86
		{5181E610-7C91-4F1C-A3B0-430D0578E1E2}.Release|x86.Build.0 = Release|x86
		{0B308FD1-5C52-4D5D-8861-82D456CFE84C}.Debug|Any CPU.ActiveCfg = Release
		{0B308FD1-5C52-4D5D-8861-82D456CFE84C}.Debug|Any CPU.Build.0 = Release
		{0B308FD1-5C52-4D5D-8861-82D456CFE84C}.Debug|x64.ActiveCfg = Release
		{0B308FD1-5C52-4D5D-8861-82D456CFE84C}.Debug|x64.Build.0 = Release
		{0B308FD1-5C52-4D5D-8861-82D456CFE84C}.Debug|x86.ActiveCfg = Debug
		{0B308FD1-5C52-4D5D-8861-82D456CFE84C}.Debug|x86.Build.0 = Debug
		{0B308FD1-5C52-4D5D-8861-82D456CFE84C}.Release|Any CPU.ActiveCfg = Release
		{0B308FD1-5C52-4D5D-8861-82D456CFE84C}.Release|Any CPU.Build.0 = Release
		{0B308FD1-5C52-4D5D-8861-82D456CFE84C}.Release|x64.ActiveCfg = Release
		{0B308FD1-5C52-4D5D-8861-82D456CFE84C}.Release|x64.Build.0 = Release
		{0B308FD1-5C52-4D5D-8861-82D456CFE84C}.Release|x86.ActiveCfg = Release
		{0B308FD1-5C52-4D5D-8861-82D456CFE84C}.Release|x86.Build.0 = Release
	EndGlobalSection
	GlobalSection(SolutionProperties) = preSolution
		HideSolutionNode = FALSE
	EndGlobalSection
EndGlobal
